
Microsoft Visual Studio Solution File, Format Version 12.00
# Visual Studio Version 16
VisualStudioVersion = 16.0.33130.400
MinimumVisualStudioVersion = 10.0.40219.1
Project("{FAE04EC0-301F-11D3-BF4B-00C04F79EFBC}") = "CM_16", "CM_16\CM_16.csproj", "{0FA93F39-B926-475D-AACC-E2F03363D900}"
EndProject
Project("{FAE04EC0-301F-11D3-BF4B-00C04F79EFBC}") = "CM_16.2", "CM_16.2\CM_16.2.csproj", "{32F062E0-8376-4B15-9D56-1A0DA8BED83D}"
EndProject
Global
	GlobalSection(SolutionConfigurationPlatforms) = preSolution
		Debug|Any CPU = Debug|Any CPU
		Release|Any CPU = Release|Any CPU
	EndGlobalSection
	GlobalSection(ProjectConfigurationPlatforms) = postSolution
		{0FA93F39-B926-475D-AACC-E2F03363D900}.Debug|Any CPU.ActiveCfg = Debug|Any CPU
		{0FA93F39-B926-475D-AACC-E2F03363D900}.Debug|Any CPU.Build.0 = Debug|Any CPU
		{0FA93F39-B926-475D-AACC-E2F03363D900}.Release|Any CPU.ActiveCfg = Release|Any CPU
		{0FA93F39-B926-475D-AACC-E2F03363D900}.Release|Any CPU.Build.0 = Release|Any CPU
		{32F062E0-8376-4B15-9D56-1A0DA8BED83D}.Debug|Any CPU.ActiveCfg = Debug|Any CPU
		{32F062E0-8376-4B15-9D56-1A0DA8BED83D}.Debug|Any CPU.Build.0 = Debug|Any CPU
		{32F062E0-8376-4B15-9D56-1A0DA8BED83D}.Release|Any CPU.ActiveCfg = Release|Any CPU
		{32F062E0-8376-4B15-9D56-1A0DA8BED83D}.Release|Any CPU.Build.0 = Release|Any CPU
	EndGlobalSection
	GlobalSection(SolutionProperties) = preSolution
		HideSolutionNode = FALSE
	EndGlobalSection
	GlobalSection(ExtensibilityGlobals) = postSolution
		SolutionGuid = {7EF5197A-4043-4220-ABA8-DB65D5CD4AB8}
	EndGlobalSection
EndGlobal
